# @generated by Move, please check-in and do not edit manually.

[move]
version = 0
manifest_digest = "090C0B58D8AFF08F560633C29E98E86FBEE27879917B8445C961B2532DABB1F1"
deps_digest = "F8BBB0CCB2491CA29A3DF03D6F92277A4F3574266507ACD77214D37ECA3F3082"

dependencies = [
  { name = "Sui" },
]

[[move.package]]
name = "MoveStdlib"
source = { local = "../../sui/crates/sui-framework/packages/move-stdlib" }

[[move.package]]
name = "Sui"
source = { local = "../../sui/crates/sui-framework/packages/sui-framework" }

dependencies = [
  { name = "MoveStdlib" },
]
