# @generated by Move, please check-in and do not edit manually.

[move]
version = 0
manifest_digest = "0DCE8D4F0C54B3BAFC73458CA3C36C7DFC2352827E1098168473420D2469A907"
deps_digest = "F8BBB0CCB2491CA29A3DF03D6F92277A4F3574266507ACD77214D37ECA3F3082"

dependencies = [
  { name = "Sui" },
]

[[move.package]]
name = "MoveStdlib"
source = { local = "/Users/juzy/data/code/sui/crates/sui-framework/packages/move-stdlib" }

[[move.package]]
name = "Sui"
source = { local = "/Users/juzy/data/code/sui/crates/sui-framework/packages/sui-framework" }

dependencies = [
  { name = "MoveStdlib" },
]
